{
  "name": "docflow-template",
  "version": "1.0.0",
  "lockfileVersion": 3,
  "requires": true,
  "packages": {
    "": {
      "name": "docflow-template",
      "version": "1.0.0",
      "license": "SEE LICENSE IN LICENSE",
      "devDependencies": {},
      "engines": {
        "node": ">=18"
      }
    }
  }
}
